
Microsoft Visual Studio Solution File, Format Version 12.00
# Visual Studio Version 16
VisualStudioVersion = 16.0.31702.278
MinimumVisualStudioVersion = 10.0.40219.1
Project("{9A19103F-16F7-4668-BE54-9A1E7A4F7556}") = "LibraryApp", "LibraryApp\LibraryApp.csproj", "{59DEE298-B02B-428A-9C9E-EB6B170D9881}"
EndProject
Project("{9A19103F-16F7-4668-BE54-9A1E7A4F7556}") = "LibraryData", "LibraryData\LibraryData.csproj", "{A06551B9-2D37-407C-8CB5-D9B6CB21C283}"
EndProject
Global
	GlobalSection(SolutionConfigurationPlatforms) = preSolution
		Debug|Any CPU = Debug|Any CPU
		Release|Any CPU = Release|Any CPU
	EndGlobalSection
	GlobalSection(ProjectConfigurationPlatforms) = postSolution
		{59DEE298-B02B-428A-9C9E-EB6B170D9881}.Debug|Any CPU.ActiveCfg = Debug|Any CPU
		{59DEE298-B02B-428A-9C9E-EB6B170D9881}.Debug|Any CPU.Build.0 = Debug|Any CPU
		{59DEE298-B02B-428A-9C9E-EB6B170D9881}.Release|Any CPU.ActiveCfg = Release|Any CPU
		{59DEE298-B02B-428A-9C9E-EB6B170D9881}.Release|Any CPU.Build.0 = Release|Any CPU
		{A06551B9-2D37-407C-8CB5-D9B6CB21C283}.Debug|Any CPU.ActiveCfg = Debug|Any CPU
		{A06551B9-2D37-407C-8CB5-D9B6CB21C283}.Debug|Any CPU.Build.0 = Debug|Any CPU
		{A06551B9-2D37-407C-8CB5-D9B6CB21C283}.Release|Any CPU.ActiveCfg = Release|Any CPU
		{A06551B9-2D37-407C-8CB5-D9B6CB21C283}.Release|Any CPU.Build.0 = Release|Any CPU
	EndGlobalSection
	GlobalSection(SolutionProperties) = preSolution
		HideSolutionNode = FALSE
	EndGlobalSection
	GlobalSection(ExtensibilityGlobals) = postSolution
		SolutionGuid = {98628CE9-E697-4C05-8E42-5CB448EEC250}
	EndGlobalSection
EndGlobal
